// !$*UTF8*$!
{
	archiveVersion = 1;
	classes = {
	};
	objectVersion = 50;
	objects = {

/* Begin PBXBuildFile section */
		180480AE2448602700CD0A4D /* CDSettings.swift in Sources */ = {isa = PBXBuildFile; fileRef = 180480AD2448602700CD0A4D /* CDSettings.swift */; };
		183BF3C524287D4C007AF6AC /* CDFileCompiler(CompileAndRun).swift in Sources */ = {isa = PBXBuildFile; fileRef = 18B3C77724272DF700F4CA14 /* CDFileCompiler(CompileAndRun).swift */; };
		183BF3CA242906B3007AF6AC /* CDTextView.swift in Sources */ = {isa = PBXBuildFile; fileRef = 183BF3C9242906B3007AF6AC /* CDTextView.swift */; };
		184B1C7224945FBA0071C1AA /* index.html in Resources */ = {isa = PBXBuildFile; fileRef = 184B1C7124945FBA0071C1AA /* index.html */; };
		184D5734247EA97500C5AA27 /* NSApplication Extension.swift in Sources */ = {isa = PBXBuildFile; fileRef = 184D5733247EA97500C5AA27 /* NSApplication Extension.swift */; };
		18541B162445905F000EB4CB /* CDSettingsViewController.swift in Sources */ = {isa = PBXBuildFile; fileRef = 18541B152445905F000EB4CB /* CDSettingsViewController.swift */; };
		1860EC3324839A8B0066DE64 /* CDDocumentController.swift in Sources */ = {isa = PBXBuildFile; fileRef = 1860EC3224839A8B0066DE64 /* CDDocumentController.swift */; };
		1868EBD5244981C2005467B2 /* CDCompileSettings.swift in Sources */ = {isa = PBXBuildFile; fileRef = 1868EBD4244981C2005467B2 /* CDCompileSettings.swift */; };
		1868EBD7244AF934005467B2 /* CDTextViewDelegate.swift in Sources */ = {isa = PBXBuildFile; fileRef = 1868EBD6244AF934005467B2 /* CDTextViewDelegate.swift */; };
		187527B0247A6A1900A7522A /* CDLaunchViewController.swift in Sources */ = {isa = PBXBuildFile; fileRef = 187527AF247A6A1900A7522A /* CDLaunchViewController.swift */; };
		18A41AA2242C756700AFC422 /* CDHighlightr.swift in Sources */ = {isa = PBXBuildFile; fileRef = 18A41AA1242C756700AFC422 /* CDHighlightr.swift */; };
		18A41AA4242C758B00AFC422 /* CDHighlightrTheme.swift in Sources */ = {isa = PBXBuildFile; fileRef = 18A41AA3242C758B00AFC422 /* CDHighlightrTheme.swift */; };
		18A41AA6242C75A600AFC422 /* CDHighlightrHTMLUtils.swift in Sources */ = {isa = PBXBuildFile; fileRef = 18A41AA5242C75A600AFC422 /* CDHighlightrHTMLUtils.swift */; };
		18A41AA8242C75C300AFC422 /* CDHighlightrShims.swift in Sources */ = {isa = PBXBuildFile; fileRef = 18A41AA7242C75C300AFC422 /* CDHighlightrShims.swift */; };
		18A41AAA242C75DE00AFC422 /* CDAttributedString.swift in Sources */ = {isa = PBXBuildFile; fileRef = 18A41AA9242C75DE00AFC422 /* CDAttributedString.swift */; };
		18A41AAD242C762100AFC422 /* highlight.min.js in Resources */ = {isa = PBXBuildFile; fileRef = 18A41AAC242C762100AFC422 /* highlight.min.js */; };
		18A41B09242C765500AFC422 /* paraiso-dark.min.css in Resources */ = {isa = PBXBuildFile; fileRef = 18A41AAF242C765200AFC422 /* paraiso-dark.min.css */; };
		18A41B0A242C765500AFC422 /* isbl-editor-dark.min.css in Resources */ = {isa = PBXBuildFile; fileRef = 18A41AB0242C765200AFC422 /* isbl-editor-dark.min.css */; };
		18A41B0B242C765500AFC422 /* qtcreator_dark.min.css in Resources */ = {isa = PBXBuildFile; fileRef = 18A41AB1242C765200AFC422 /* qtcreator_dark.min.css */; };
		18A41B0C242C765500AFC422 /* atelier-savanna-light.min.css in Resources */ = {isa = PBXBuildFile; fileRef = 18A41AB2242C765200AFC422 /* atelier-savanna-light.min.css */; };
		18A41B0D242C765500AFC422 /* atelier-sulphurpool-dark.min.css in Resources */ = {isa = PBXBuildFile; fileRef = 18A41AB3242C765200AFC422 /* atelier-sulphurpool-dark.min.css */; };
		18A41B0E242C765500AFC422 /* kimbie.light.min.css in Resources */ = {isa = PBXBuildFile; fileRef = 18A41AB4242C765200AFC422 /* kimbie.light.min.css */; };
		18A41B0F242C765500AFC422 /* rainbow.min.css in Resources */ = {isa = PBXBuildFile; fileRef = 18A41AB5242C765200AFC422 /* rainbow.min.css */; };
		18A41B10242C765500AFC422 /* ocean.min.css in Resources */ = {isa = PBXBuildFile; fileRef = 18A41AB6242C765200AFC422 /* ocean.min.css */; };
		18A41B11242C765500AFC422 /* nord.min.css in Resources */ = {isa = PBXBuildFile; fileRef = 18A41AB7242C765200AFC422 /* nord.min.css */; };
		18A41B12242C765500AFC422 /* a11y-light.min.css in Resources */ = {isa = PBXBuildFile; fileRef = 18A41AB8242C765200AFC422 /* a11y-light.min.css */; };
		18A41B13242C765500AFC422 /* tomorrow-night.min.css in Resources */ = {isa = PBXBuildFile; fileRef = 18A41AB9242C765200AFC422 /* tomorrow-night.min.css */; };
		18A41B14242C765500AFC422 /* solarized-dark.min.css in Resources */ = {isa = PBXBuildFile; fileRef = 18A41ABA242C765200AFC422 /* solarized-dark.min.css */; };
		18A41B15242C765500AFC422 /* hybrid.min.css in Resources */ = {isa = PBXBuildFile; fileRef = 18A41ABB242C765200AFC422 /* hybrid.min.css */; };
		18A41B16242C765500AFC422 /* far.min.css in Resources */ = {isa = PBXBuildFile; fileRef = 18A41ABC242C765200AFC422 /* far.min.css */; };
		18A41B17242C765500AFC422 /* atelier-forest-dark.min.css in Resources */ = {isa = PBXBuildFile; fileRef = 18A41ABD242C765200AFC422 /* atelier-forest-dark.min.css */; };
		18A41B18242C765500AFC422 /* atelier-seaside-light.min.css in Resources */ = {isa = PBXBuildFile; fileRef = 18A41ABE242C765200AFC422 /* atelier-seaside-light.min.css */; };
		18A41B19242C765500AFC422 /* atelier-cave-light.min.css in Resources */ = {isa = PBXBuildFile; fileRef = 18A41ABF242C765200AFC422 /* atelier-cave-light.min.css */; };
		18A41B1A242C765500AFC422 /* atelier-heath-dark.min.css in Resources */ = {isa = PBXBuildFile; fileRef = 18A41AC0242C765200AFC422 /* atelier-heath-dark.min.css */; };
		18A41B1B242C765500AFC422 /* atom-one-dark-reasonable.min.css in Resources */ = {isa = PBXBuildFile; fileRef = 18A41AC1242C765200AFC422 /* atom-one-dark-reasonable.min.css */; };
		18A41B1C242C765500AFC422 /* an-old-hope.min.css in Resources */ = {isa = PBXBuildFile; fileRef = 18A41AC2242C765200AFC422 /* an-old-hope.min.css */; };
		18A41B1D242C765500AFC422 /* isbl-editor-light.min.css in Resources */ = {isa = PBXBuildFile; fileRef = 18A41AC3242C765200AFC422 /* isbl-editor-light.min.css */; };
		18A41B1E242C765500AFC422 /* agate.min.css in Resources */ = {isa = PBXBuildFile; fileRef = 18A41AC4242C765200AFC422 /* agate.min.css */; };
		18A41B1F242C765500AFC422 /* dark.min.css in Resources */ = {isa = PBXBuildFile; fileRef = 18A41AC5242C765200AFC422 /* dark.min.css */; };
		18A41B20242C765500AFC422 /* a11y-dark.min.css in Resources */ = {isa = PBXBuildFile; fileRef = 18A41AC6242C765200AFC422 /* a11y-dark.min.css */; };
		18A41B21242C765500AFC422 /* atelier-dune-light.min.css in Resources */ = {isa = PBXBuildFile; fileRef = 18A41AC7242C765200AFC422 /* atelier-dune-light.min.css */; };
		18A41B22242C765500AFC422 /* ir-black.min.css in Resources */ = {isa = PBXBuildFile; fileRef = 18A41AC8242C765200AFC422 /* ir-black.min.css */; };
		18A41B23242C765500AFC422 /* atelier-cave-dark.min.css in Resources */ = {isa = PBXBuildFile; fileRef = 18A41AC9242C765200AFC422 /* atelier-cave-dark.min.css */; };
		18A41B24242C765500AFC422 /* brown-paper.min.css in Resources */ = {isa = PBXBuildFile; fileRef = 18A41ACA242C765200AFC422 /* brown-paper.min.css */; };
		18A41B25242C765500AFC422 /* grayscale.min.css in Resources */ = {isa = PBXBuildFile; fileRef = 18A41ACB242C765300AFC422 /* grayscale.min.css */; };
		18A41B26242C765500AFC422 /* xcode.min.css in Resources */ = {isa = PBXBuildFile; fileRef = 18A41ACC242C765300AFC422 /* xcode.min.css */; };
		18A41B27242C765500AFC422 /* perfect.min.css in Resources */ = {isa = PBXBuildFile; fileRef = 18A41ACD242C765300AFC422 /* perfect.min.css */; };
		18A41B28242C765500AFC422 /* arta.min.css in Resources */ = {isa = PBXBuildFile; fileRef = 18A41ACE242C765300AFC422 /* arta.min.css */; };
		18A41B29242C765500AFC422 /* routeros.min.css in Resources */ = {isa = PBXBuildFile; fileRef = 18A41ACF242C765300AFC422 /* routeros.min.css */; };
		18A41B2A242C765500AFC422 /* github-gist.min.css in Resources */ = {isa = PBXBuildFile; fileRef = 18A41AD0242C765300AFC422 /* github-gist.min.css */; };
		18A41B2B242C765500AFC422 /* atelier-heath-light.min.css in Resources */ = {isa = PBXBuildFile; fileRef = 18A41AD1242C765300AFC422 /* atelier-heath-light.min.css */; };
		18A41B2C242C765500AFC422 /* atom-one-light.min.css in Resources */ = {isa = PBXBuildFile; fileRef = 18A41AD2242C765300AFC422 /* atom-one-light.min.css */; };
		18A41B2D242C765500AFC422 /* hopscotch.min.css in Resources */ = {isa = PBXBuildFile; fileRef = 18A41AD3242C765300AFC422 /* hopscotch.min.css */; };
		18A41B2E242C765500AFC422 /* kimbie.dark.min.css in Resources */ = {isa = PBXBuildFile; fileRef = 18A41AD4242C765300AFC422 /* kimbie.dark.min.css */; };
		18A41B2F242C765500AFC422 /* monokai-sublime.min.css in Resources */ = {isa = PBXBuildFile; fileRef = 18A41AD5242C765300AFC422 /* monokai-sublime.min.css */; };
		18A41B30242C765500AFC422 /* gml.min.css in Resources */ = {isa = PBXBuildFile; fileRef = 18A41AD6242C765300AFC422 /* gml.min.css */; };
		18A41B31242C765500AFC422 /* dracula.min.css in Resources */ = {isa = PBXBuildFile; fileRef = 18A41AD7242C765300AFC422 /* dracula.min.css */; };
		18A41B32242C765500AFC422 /* tomorrow-night-blue.min.css in Resources */ = {isa = PBXBuildFile; fileRef = 18A41AD8242C765300AFC422 /* tomorrow-night-blue.min.css */; };
		18A41B33242C765500AFC422 /* vs.min.css in Resources */ = {isa = PBXBuildFile; fileRef = 18A41AD9242C765300AFC422 /* vs.min.css */; };
		18A41B34242C765500AFC422 /* atelier-plateau-dark.min.css in Resources */ = {isa = PBXBuildFile; fileRef = 18A41ADA242C765300AFC422 /* atelier-plateau-dark.min.css */; };
		18A41B35242C765500AFC422 /* vs2015.min.css in Resources */ = {isa = PBXBuildFile; fileRef = 18A41ADB242C765300AFC422 /* vs2015.min.css */; };
		18A41B36242C765500AFC422 /* darcula.min.css in Resources */ = {isa = PBXBuildFile; fileRef = 18A41ADC242C765300AFC422 /* darcula.min.css */; };
		18A41B37242C765500AFC422 /* lightfair.min.css in Resources */ = {isa = PBXBuildFile; fileRef = 18A41ADD242C765300AFC422 /* lightfair.min.css */; };
		18A41B38242C765500AFC422 /* default.min.css in Resources */ = {isa = PBXBuildFile; fileRef = 18A41ADE242C765300AFC422 /* default.min.css */; };
		18A41B39242C765500AFC422 /* monokai.min.css in Resources */ = {isa = PBXBuildFile; fileRef = 18A41ADF242C765300AFC422 /* monokai.min.css */; };
		18A41B3A242C765500AFC422 /* shades-of-purple.min.css in Resources */ = {isa = PBXBuildFile; fileRef = 18A41AE0242C765300AFC422 /* shades-of-purple.min.css */; };
		18A41B3B242C765500AFC422 /* sunburst.min.css in Resources */ = {isa = PBXBuildFile; fileRef = 18A41AE1242C765300AFC422 /* sunburst.min.css */; };
		18A41B3C242C765500AFC422 /* atelier-estuary-light.min.css in Resources */ = {isa = PBXBuildFile; fileRef = 18A41AE2242C765300AFC422 /* atelier-estuary-light.min.css */; };
		18A41B3D242C765500AFC422 /* darkula.min.css in Resources */ = {isa = PBXBuildFile; fileRef = 18A41AE3242C765300AFC422 /* darkula.min.css */; };
		18A41B3E242C765500AFC422 /* atelier-lakeside-light.min.css in Resources */ = {isa = PBXBuildFile; fileRef = 18A41AE4242C765300AFC422 /* atelier-lakeside-light.min.css */; };
		18A41B3F242C765500AFC422 /* gruvbox-light.min.css in Resources */ = {isa = PBXBuildFile; fileRef = 18A41AE5242C765300AFC422 /* gruvbox-light.min.css */; };
		18A41B40242C765500AFC422 /* idea.min.css in Resources */ = {isa = PBXBuildFile; fileRef = 18A41AE6242C765300AFC422 /* idea.min.css */; };
		18A41B41242C765500AFC422 /* magula.min.css in Resources */ = {isa = PBXBuildFile; fileRef = 18A41AE7242C765300AFC422 /* magula.min.css */; };
		18A41B42242C765500AFC422 /* atelier-forest-light.min.css in Resources */ = {isa = PBXBuildFile; fileRef = 18A41AE8242C765300AFC422 /* atelier-forest-light.min.css */; };
		18A41B43242C765500AFC422 /* pojoaque.min.css in Resources */ = {isa = PBXBuildFile; fileRef = 18A41AE9242C765300AFC422 /* pojoaque.min.css */; };
		18A41B44242C765500AFC422 /* atelier-lakeside-dark.min.css in Resources */ = {isa = PBXBuildFile; fileRef = 18A41AEA242C765400AFC422 /* atelier-lakeside-dark.min.css */; };
		18A41B45242C765500AFC422 /* github.min.css in Resources */ = {isa = PBXBuildFile; fileRef = 18A41AEB242C765400AFC422 /* github.min.css */; };
		18A41B46242C765500AFC422 /* mono-blue.min.css in Resources */ = {isa = PBXBuildFile; fileRef = 18A41AEC242C765400AFC422 /* mono-blue.min.css */; };
		18A41B47242C765500AFC422 /* atelier-dune-dark.min.css in Resources */ = {isa = PBXBuildFile; fileRef = 18A41AED242C765400AFC422 /* atelier-dune-dark.min.css */; };
		18A41B48242C765500AFC422 /* school-book.min.css in Resources */ = {isa = PBXBuildFile; fileRef = 18A41AEE242C765400AFC422 /* school-book.min.css */; };
		18A41B49242C765500AFC422 /* tomorrow-night-bright.min.css in Resources */ = {isa = PBXBuildFile; fileRef = 18A41AEF242C765400AFC422 /* tomorrow-night-bright.min.css */; };
		18A41B4A242C765500AFC422 /* tomorrow.min.css in Resources */ = {isa = PBXBuildFile; fileRef = 18A41AF0242C765400AFC422 /* tomorrow.min.css */; };
		18A41B4B242C765500AFC422 /* googlecode.min.css in Resources */ = {isa = PBXBuildFile; fileRef = 18A41AF1242C765400AFC422 /* googlecode.min.css */; };
		18A41B4C242C765500AFC422 /* paraiso-light.min.css in Resources */ = {isa = PBXBuildFile; fileRef = 18A41AF2242C765400AFC422 /* paraiso-light.min.css */; };
		18A41B4D242C765500AFC422 /* arduino-light.min.css in Resources */ = {isa = PBXBuildFile; fileRef = 18A41AF3242C765400AFC422 /* arduino-light.min.css */; };
		18A41B4E242C765500AFC422 /* qtcreator_light.min.css in Resources */ = {isa = PBXBuildFile; fileRef = 18A41AF4242C765400AFC422 /* qtcreator_light.min.css */; };
		18A41B4F242C765500AFC422 /* solarized-light.min.css in Resources */ = {isa = PBXBuildFile; fileRef = 18A41AF5242C765400AFC422 /* solarized-light.min.css */; };
		18A41B50242C765500AFC422 /* xt256.min.css in Resources */ = {isa = PBXBuildFile; fileRef = 18A41AF6242C765400AFC422 /* xt256.min.css */; };
		18A41B51242C765500AFC422 /* androidstudio.min.css in Resources */ = {isa = PBXBuildFile; fileRef = 18A41AF7242C765400AFC422 /* androidstudio.min.css */; };
		18A41B52242C765500AFC422 /* tomorrow-night-eighties.min.css in Resources */ = {isa = PBXBuildFile; fileRef = 18A41AF8242C765400AFC422 /* tomorrow-night-eighties.min.css */; };
		18A41B53242C765500AFC422 /* zenburn.min.css in Resources */ = {isa = PBXBuildFile; fileRef = 18A41AF9242C765400AFC422 /* zenburn.min.css */; };
		18A41B54242C765500AFC422 /* docco.min.css in Resources */ = {isa = PBXBuildFile; fileRef = 18A41AFA242C765400AFC422 /* docco.min.css */; };
		18A41B55242C765500AFC422 /* foundation.min.css in Resources */ = {isa = PBXBuildFile; fileRef = 18A41AFB242C765400AFC422 /* foundation.min.css */; };
		18A41B56242C765500AFC422 /* atelier-seaside-dark.min.css in Resources */ = {isa = PBXBuildFile; fileRef = 18A41AFC242C765400AFC422 /* atelier-seaside-dark.min.css */; };
		18A41B57242C765500AFC422 /* atelier-plateau-light.min.css in Resources */ = {isa = PBXBuildFile; fileRef = 18A41AFD242C765400AFC422 /* atelier-plateau-light.min.css */; };
		18A41B58242C765500AFC422 /* atom-one-dark.min.css in Resources */ = {isa = PBXBuildFile; fileRef = 18A41AFE242C765400AFC422 /* atom-one-dark.min.css */; };
		18A41B59242C765500AFC422 /* ascetic.min.css in Resources */ = {isa = PBXBuildFile; fileRef = 18A41AFF242C765400AFC422 /* ascetic.min.css */; };
		18A41B5A242C765500AFC422 /* codepen-embed.min.css in Resources */ = {isa = PBXBuildFile; fileRef = 18A41B00242C765400AFC422 /* codepen-embed.min.css */; };
		18A41B5B242C765500AFC422 /* atelier-estuary-dark.min.css in Resources */ = {isa = PBXBuildFile; fileRef = 18A41B01242C765400AFC422 /* atelier-estuary-dark.min.css */; };
		18A41B5C242C765500AFC422 /* obsidian.min.css in Resources */ = {isa = PBXBuildFile; fileRef = 18A41B02242C765400AFC422 /* obsidian.min.css */; };
		18A41B5D242C765500AFC422 /* gruvbox-dark.min.css in Resources */ = {isa = PBXBuildFile; fileRef = 18A41B03242C765400AFC422 /* gruvbox-dark.min.css */; };
		18A41B5E242C765500AFC422 /* purebasic.min.css in Resources */ = {isa = PBXBuildFile; fileRef = 18A41B04242C765400AFC422 /* purebasic.min.css */; };
		18A41B5F242C765500AFC422 /* railscasts.min.css in Resources */ = {isa = PBXBuildFile; fileRef = 18A41B05242C765400AFC422 /* railscasts.min.css */; };
		18A41B60242C765500AFC422 /* atelier-savanna-dark.min.css in Resources */ = {isa = PBXBuildFile; fileRef = 18A41B06242C765400AFC422 /* atelier-savanna-dark.min.css */; };
		18A41B61242C765500AFC422 /* atelier-sulphurpool-light.min.css in Resources */ = {isa = PBXBuildFile; fileRef = 18A41B07242C765500AFC422 /* atelier-sulphurpool-light.min.css */; };
		18A41B62242C765500AFC422 /* color-brewer.min.css in Resources */ = {isa = PBXBuildFile; fileRef = 18A41B08242C765500AFC422 /* color-brewer.min.css */; };
		18B1856E246387F100B579AD /* CDSnippetTableView.swift in Sources */ = {isa = PBXBuildFile; fileRef = 18B1856D246387F100B579AD /* CDSnippetTableView.swift */; };
		18B1857024638B2A00B579AD /* CDSnippetTableViewCell.swift in Sources */ = {isa = PBXBuildFile; fileRef = 18B1856F24638B2A00B579AD /* CDSnippetTableViewCell.swift */; };
		18B185732463B32400B579AD /* CDSnippetPopoperViewController.swift in Sources */ = {isa = PBXBuildFile; fileRef = 18B185712463B32400B579AD /* CDSnippetPopoperViewController.swift */; };
		18B185742463B32400B579AD /* CDSnippetPopoperViewController.xib in Resources */ = {isa = PBXBuildFile; fileRef = 18B185722463B32400B579AD /* CDSnippetPopoperViewController.xib */; };
		18B1857F2465AB2E00B579AD /* CDParser.swift in Sources */ = {isa = PBXBuildFile; fileRef = 18B1857E2465AB2E00B579AD /* CDParser.swift */; };
		18B185822468210100B579AD /* CDFileCompiler(Debugger).swift in Sources */ = {isa = PBXBuildFile; fileRef = 18B185812468210100B579AD /* CDFileCompiler(Debugger).swift */; };
		18B1858B2468DC9800B579AD /* CDFileCompiler(Compile).swift in Sources */ = {isa = PBXBuildFile; fileRef = 18B1858A2468DC9800B579AD /* CDFileCompiler(Compile).swift */; };
		18B1858D2468E44700B579AD /* CDDebugViewController.swift in Sources */ = {isa = PBXBuildFile; fileRef = 18B1858C2468E44700B579AD /* CDDebugViewController.swift */; };
		18B1858F2468E44E00B579AD /* CDDebugViewController.xib in Resources */ = {isa = PBXBuildFile; fileRef = 18B1858E2468E44E00B579AD /* CDDebugViewController.xib */; };
		18B185912469608B00B579AD /* CDProjectDocument.swift in Sources */ = {isa = PBXBuildFile; fileRef = 18B185902469608B00B579AD /* CDProjectDocument.swift */; };
		18B1859924699A2800B579AD /* Main.storyboard in Resources */ = {isa = PBXBuildFile; fileRef = 18B1859824699A2800B579AD /* Main.storyboard */; };
		18B3C78024282C1F00F4CA14 /* AppDelegate.swift in Sources */ = {isa = PBXBuildFile; fileRef = 18B3C77F24282C1F00F4CA14 /* AppDelegate.swift */; };
		18B3C78224282C1F00F4CA14 /* CDMainViewController.swift in Sources */ = {isa = PBXBuildFile; fileRef = 18B3C78124282C1F00F4CA14 /* CDMainViewController.swift */; };
		18B3C78424282C1F00F4CA14 /* CDCodeDocument.swift in Sources */ = {isa = PBXBuildFile; fileRef = 18B3C78324282C1F00F4CA14 /* CDCodeDocument.swift */; };
		18B3C78624282C2100F4CA14 /* Assets.xcassets in Resources */ = {isa = PBXBuildFile; fileRef = 18B3C78524282C2100F4CA14 /* Assets.xcassets */; };
		18B3C790242836A500F4CA14 /* CDDocumentContent.swift in Sources */ = {isa = PBXBuildFile; fileRef = 18B3C78F242836A500F4CA14 /* CDDocumentContent.swift */; };
		18B3C7942428378E00F4CA14 /* CDMainWindowController.swift in Sources */ = {isa = PBXBuildFile; fileRef = 18B3C7932428378E00F4CA14 /* CDMainWindowController.swift */; };
		18D4DD6D246A2C5100B97F32 /* CDProjectViewController.swift in Sources */ = {isa = PBXBuildFile; fileRef = 18D4DD6C246A2C5100B97F32 /* CDProjectViewController.swift */; };
		18D4DD6F246A2C9E00B97F32 /* CDProjectTableView.swift in Sources */ = {isa = PBXBuildFile; fileRef = 18D4DD6E246A2C9E00B97F32 /* CDProjectTableView.swift */; };
		18D4DD71246A303400B97F32 /* CDProjectTableViewCell.swift in Sources */ = {isa = PBXBuildFile; fileRef = 18D4DD70246A303400B97F32 /* CDProjectTableViewCell.swift */; };
		18E7291E244E6F91000317D7 /* CDLineNumberTextView.swift in Sources */ = {isa = PBXBuildFile; fileRef = 18E7291D244E6F91000317D7 /* CDLineNumberTextView.swift */; };
		18E72920244E756E000317D7 /* CDScrollView.swift in Sources */ = {isa = PBXBuildFile; fileRef = 18E7291F244E756E000317D7 /* CDScrollView.swift */; };
		18FC02882490E612004551B1 /* CDUpdateManager.swift in Sources */ = {isa = PBXBuildFile; fileRef = 18FC02872490E612004551B1 /* CDUpdateManager.swift */; };
		18FC028A2492624F004551B1 /* CDUpdateManager(NSViewController Extension).swift in Sources */ = {isa = PBXBuildFile; fileRef = 18FC02892492624F004551B1 /* CDUpdateManager(NSViewController Extension).swift */; };
		18FC05482487B9F600F33CE2 /* CDTestPointView.swift in Sources */ = {isa = PBXBuildFile; fileRef = 18FC05472487B9F600F33CE2 /* CDTestPointView.swift */; };
		18FC054B2487BA3600F33CE2 /* CDTestViewController.swift in Sources */ = {isa = PBXBuildFile; fileRef = 18FC05492487BA3600F33CE2 /* CDTestViewController.swift */; };
		18FC054C2487BA3600F33CE2 /* CDTestViewController.xib in Resources */ = {isa = PBXBuildFile; fileRef = 18FC054A2487BA3600F33CE2 /* CDTestViewController.xib */; };
/* End PBXBuildFile section */

/* Begin PBXFileReference section */
		180480A824474A0700CD0A4D /* README.md */ = {isa = PBXFileReference; lastKnownFileType = net.daringfireball.markdown; path = README.md; sourceTree = "<group>"; };
		180480AD2448602700CD0A4D /* CDSettings.swift */ = {isa = PBXFileReference; lastKnownFileType = sourcecode.swift; path = CDSettings.swift; sourceTree = "<group>"; };
		183BF3C9242906B3007AF6AC /* CDTextView.swift */ = {isa = PBXFileReference; lastKnownFileType = sourcecode.swift; path = CDTextView.swift; sourceTree = "<group>"; };
		184B1C7124945FBA0071C1AA /* index.html */ = {isa = PBXFileReference; fileEncoding = 4; lastKnownFileType = text.html; path = index.html; sourceTree = "<group>"; };
		184D5733247EA97500C5AA27 /* NSApplication Extension.swift */ = {isa = PBXFileReference; lastKnownFileType = sourcecode.swift; path = "NSApplication Extension.swift"; sourceTree = "<group>"; };
		18541B152445905F000EB4CB /* CDSettingsViewController.swift */ = {isa = PBXFileReference; lastKnownFileType = sourcecode.swift; path = CDSettingsViewController.swift; sourceTree = "<group>"; };
		1860EC3224839A8B0066DE64 /* CDDocumentController.swift */ = {isa = PBXFileReference; lastKnownFileType = sourcecode.swift; path = CDDocumentController.swift; sourceTree = "<group>"; };
		1868EBD4244981C2005467B2 /* CDCompileSettings.swift */ = {isa = PBXFileReference; lastKnownFileType = sourcecode.swift; path = CDCompileSettings.swift; sourceTree = "<group>"; };
		1868EBD6244AF934005467B2 /* CDTextViewDelegate.swift */ = {isa = PBXFileReference; lastKnownFileType = sourcecode.swift; path = CDTextViewDelegate.swift; sourceTree = "<group>"; };
		187527AF247A6A1900A7522A /* CDLaunchViewController.swift */ = {isa = PBXFileReference; lastKnownFileType = sourcecode.swift; path = CDLaunchViewController.swift; sourceTree = "<group>"; };
		187EF969248C86DD0023F381 /* C+++-Bridging-Header.h */ = {isa = PBXFileReference; lastKnownFileType = sourcecode.c.h; path = "C+++-Bridging-Header.h"; sourceTree = "<group>"; };
		18A41AA1242C756700AFC422 /* CDHighlightr.swift */ = {isa = PBXFileReference; lastKnownFileType = sourcecode.swift; path = CDHighlightr.swift; sourceTree = "<group>"; };
		18A41AA3242C758B00AFC422 /* CDHighlightrTheme.swift */ = {isa = PBXFileReference; lastKnownFileType = sourcecode.swift; path = CDHighlightrTheme.swift; sourceTree = "<group>"; };
		18A41AA5242C75A600AFC422 /* CDHighlightrHTMLUtils.swift */ = {isa = PBXFileReference; lastKnownFileType = sourcecode.swift; path = CDHighlightrHTMLUtils.swift; sourceTree = "<group>"; };
		18A41AA7242C75C300AFC422 /* CDHighlightrShims.swift */ = {isa = PBXFileReference; lastKnownFileType = sourcecode.swift; path = CDHighlightrShims.swift; sourceTree = "<group>"; };
		18A41AA9242C75DE00AFC422 /* CDAttributedString.swift */ = {isa = PBXFileReference; lastKnownFileType = sourcecode.swift; path = CDAttributedString.swift; sourceTree = "<group>"; };
		18A41AAC242C762100AFC422 /* highlight.min.js */ = {isa = PBXFileReference; lastKnownFileType = sourcecode.javascript; path = highlight.min.js; sourceTree = "<group>"; };
		18A41AAF242C765200AFC422 /* paraiso-dark.min.css */ = {isa = PBXFileReference; fileEncoding = 4; lastKnownFileType = text.css; path = "paraiso-dark.min.css"; sourceTree = "<group>"; };
		18A41AB0242C765200AFC422 /* isbl-editor-dark.min.css */ = {isa = PBXFileReference; fileEncoding = 4; lastKnownFileType = text.css; path = "isbl-editor-dark.min.css"; sourceTree = "<group>"; };
		18A41AB1242C765200AFC422 /* qtcreator_dark.min.css */ = {isa = PBXFileReference; fileEncoding = 4; lastKnownFileType = text.css; path = qtcreator_dark.min.css; sourceTree = "<group>"; };
		18A41AB2242C765200AFC422 /* atelier-savanna-light.min.css */ = {isa = PBXFileReference; fileEncoding = 4; lastKnownFileType = text.css; path = "atelier-savanna-light.min.css"; sourceTree = "<group>"; };
		18A41AB3242C765200AFC422 /* atelier-sulphurpool-dark.min.css */ = {isa = PBXFileReference; fileEncoding = 4; lastKnownFileType = text.css; path = "atelier-sulphurpool-dark.min.css"; sourceTree = "<group>"; };
		18A41AB4242C765200AFC422 /* kimbie.light.min.css */ = {isa = PBXFileReference; fileEncoding = 4; lastKnownFileType = text.css; path = kimbie.light.min.css; sourceTree = "<group>"; };
		18A41AB5242C765200AFC422 /* rainbow.min.css */ = {isa = PBXFileReference; fileEncoding = 4; lastKnownFileType = text.css; path = rainbow.min.css; sourceTree = "<group>"; };
		18A41AB6242C765200AFC422 /* ocean.min.css */ = {isa = PBXFileReference; fileEncoding = 4; lastKnownFileType = text.css; path = ocean.min.css; sourceTree = "<group>"; };
		18A41AB7242C765200AFC422 /* nord.min.css */ = {isa = PBXFileReference; fileEncoding = 4; lastKnownFileType = text.css; path = nord.min.css; sourceTree = "<group>"; };
		18A41AB8242C765200AFC422 /* a11y-light.min.css */ = {isa = PBXFileReference; fileEncoding = 4; lastKnownFileType = text.css; path = "a11y-light.min.css"; sourceTree = "<group>"; };
		18A41AB9242C765200AFC422 /* tomorrow-night.min.css */ = {isa = PBXFileReference; fileEncoding = 4; lastKnownFileType = text.css; path = "tomorrow-night.min.css"; sourceTree = "<group>"; };
		18A41ABA242C765200AFC422 /* solarized-dark.min.css */ = {isa = PBXFileReference; fileEncoding = 4; lastKnownFileType = text.css; path = "solarized-dark.min.css"; sourceTree = "<group>"; };
		18A41ABB242C765200AFC422 /* hybrid.min.css */ = {isa = PBXFileReference; fileEncoding = 4; lastKnownFileType = text.css; path = hybrid.min.css; sourceTree = "<group>"; };
		18A41ABC242C765200AFC422 /* far.min.css */ = {isa = PBXFileReference; fileEncoding = 4; lastKnownFileType = text.css; path = far.min.css; sourceTree = "<group>"; };
		18A41ABD242C765200AFC422 /* atelier-forest-dark.min.css */ = {isa = PBXFileReference; fileEncoding = 4; lastKnownFileType = text.css; path = "atelier-forest-dark.min.css"; sourceTree = "<group>"; };
		18A41ABE242C765200AFC422 /* atelier-seaside-light.min.css */ = {isa = PBXFileReference; fileEncoding = 4; lastKnownFileType = text.css; path = "atelier-seaside-light.min.css"; sourceTree = "<group>"; };
		18A41ABF242C765200AFC422 /* atelier-cave-light.min.css */ = {isa = PBXFileReference; fileEncoding = 4; lastKnownFileType = text.css; path = "atelier-cave-light.min.css"; sourceTree = "<group>"; };
		18A41AC0242C765200AFC422 /* atelier-heath-dark.min.css */ = {isa = PBXFileReference; fileEncoding = 4; lastKnownFileType = text.css; path = "atelier-heath-dark.min.css"; sourceTree = "<group>"; };
		18A41AC1242C765200AFC422 /* atom-one-dark-reasonable.min.css */ = {isa = PBXFileReference; fileEncoding = 4; lastKnownFileType = text.css; path = "atom-one-dark-reasonable.min.css"; sourceTree = "<group>"; };
		18A41AC2242C765200AFC422 /* an-old-hope.min.css */ = {isa = PBXFileReference; fileEncoding = 4; lastKnownFileType = text.css; path = "an-old-hope.min.css"; sourceTree = "<group>"; };
		18A41AC3242C765200AFC422 /* isbl-editor-light.min.css */ = {isa = PBXFileReference; fileEncoding = 4; lastKnownFileType = text.css; path = "isbl-editor-light.min.css"; sourceTree = "<group>"; };
		18A41AC4242C765200AFC422 /* agate.min.css */ = {isa = PBXFileReference; fileEncoding = 4; lastKnownFileType = text.css; path = agate.min.css; sourceTree = "<group>"; };
		18A41AC5242C765200AFC422 /* dark.min.css */ = {isa = PBXFileReference; fileEncoding = 4; lastKnownFileType = text.css; path = dark.min.css; sourceTree = "<group>"; };
		18A41AC6242C765200AFC422 /* a11y-dark.min.css */ = {isa = PBXFileReference; fileEncoding = 4; lastKnownFileType = text.css; path = "a11y-dark.min.css"; sourceTree = "<group>"; };
		18A41AC7242C765200AFC422 /* atelier-dune-light.min.css */ = {isa = PBXFileReference; fileEncoding = 4; lastKnownFileType = text.css; path = "atelier-dune-light.min.css"; sourceTree = "<group>"; };
		18A41AC8242C765200AFC422 /* ir-black.min.css */ = {isa = PBXFileReference; fileEncoding = 4; lastKnownFileType = text.css; path = "ir-black.min.css"; sourceTree = "<group>"; };
		18A41AC9242C765200AFC422 /* atelier-cave-dark.min.css */ = {isa = PBXFileReference; fileEncoding = 4; lastKnownFileType = text.css; path = "atelier-cave-dark.min.css"; sourceTree = "<group>"; };
		18A41ACA242C765200AFC422 /* brown-paper.min.css */ = {isa = PBXFileReference; fileEncoding = 4; lastKnownFileType = text.css; path = "brown-paper.min.css"; sourceTree = "<group>"; };
		18A41ACB242C765300AFC422 /* grayscale.min.css */ = {isa = PBXFileReference; fileEncoding = 4; lastKnownFileType = text.css; path = grayscale.min.css; sourceTree = "<group>"; };
		18A41ACC242C765300AFC422 /* xcode.min.css */ = {isa = PBXFileReference; fileEncoding = 4; lastKnownFileType = text.css; path = xcode.min.css; sourceTree = "<group>"; };
		18A41ACD242C765300AFC422 /* perfect.min.css */ = {isa = PBXFileReference; fileEncoding = 4; lastKnownFileType = text.css; path = perfect.min.css; sourceTree = "<group>"; };
		18A41ACE242C765300AFC422 /* arta.min.css */ = {isa = PBXFileReference; fileEncoding = 4; lastKnownFileType = text.css; path = arta.min.css; sourceTree = "<group>"; };
		18A41ACF242C765300AFC422 /* routeros.min.css */ = {isa = PBXFileReference; fileEncoding = 4; lastKnownFileType = text.css; path = routeros.min.css; sourceTree = "<group>"; };
		18A41AD0242C765300AFC422 /* github-gist.min.css */ = {isa = PBXFileReference; fileEncoding = 4; lastKnownFileType = text.css; path = "github-gist.min.css"; sourceTree = "<group>"; };
		18A41AD1242C765300AFC422 /* atelier-heath-light.min.css */ = {isa = PBXFileReference; fileEncoding = 4; lastKnownFileType = text.css; path = "atelier-heath-light.min.css"; sourceTree = "<group>"; };
		18A41AD2242C765300AFC422 /* atom-one-light.min.css */ = {isa = PBXFileReference; fileEncoding = 4; lastKnownFileType = text.css; path = "atom-one-light.min.css"; sourceTree = "<group>"; };
		18A41AD3242C765300AFC422 /* hopscotch.min.css */ = {isa = PBXFileReference; fileEncoding = 4; lastKnownFileType = text.css; path = hopscotch.min.css; sourceTree = "<group>"; };
		18A41AD4242C765300AFC422 /* kimbie.dark.min.css */ = {isa = PBXFileReference; fileEncoding = 4; lastKnownFileType = text.css; path = kimbie.dark.min.css; sourceTree = "<group>"; };
		18A41AD5242C765300AFC422 /* monokai-sublime.min.css */ = {isa = PBXFileReference; fileEncoding = 4; lastKnownFileType = text.css; path = "monokai-sublime.min.css"; sourceTree = "<group>"; };
		18A41AD6242C765300AFC422 /* gml.min.css */ = {isa = PBXFileReference; fileEncoding = 4; lastKnownFileType = text.css; path = gml.min.css; sourceTree = "<group>"; };
		18A41AD7242C765300AFC422 /* dracula.min.css */ = {isa = PBXFileReference; fileEncoding = 4; lastKnownFileType = text.css; path = dracula.min.css; sourceTree = "<group>"; };
		18A41AD8242C765300AFC422 /* tomorrow-night-blue.min.css */ = {isa = PBXFileReference; fileEncoding = 4; lastKnownFileType = text.css; path = "tomorrow-night-blue.min.css"; sourceTree = "<group>"; };
		18A41AD9242C765300AFC422 /* vs.min.css */ = {isa = PBXFileReference; fileEncoding = 4; lastKnownFileType = text.css; path = vs.min.css; sourceTree = "<group>"; };
		18A41ADA242C765300AFC422 /* atelier-plateau-dark.min.css */ = {isa = PBXFileReference; fileEncoding = 4; lastKnownFileType = text.css; path = "atelier-plateau-dark.min.css"; sourceTree = "<group>"; };
		18A41ADB242C765300AFC422 /* vs2015.min.css */ = {isa = PBXFileReference; fileEncoding = 4; lastKnownFileType = text.css; path = vs2015.min.css; sourceTree = "<group>"; };
		18A41ADC242C765300AFC422 /* darcula.min.css */ = {isa = PBXFileReference; fileEncoding = 4; lastKnownFileType = text.css; path = darcula.min.css; sourceTree = "<group>"; };
		18A41ADD242C765300AFC422 /* lightfair.min.css */ = {isa = PBXFileReference; fileEncoding = 4; lastKnownFileType = text.css; path = lightfair.min.css; sourceTree = "<group>"; };
		18A41ADE242C765300AFC422 /* default.min.css */ = {isa = PBXFileReference; fileEncoding = 4; lastKnownFileType = text.css; path = default.min.css; sourceTree = "<group>"; };
		18A41ADF242C765300AFC422 /* monokai.min.css */ = {isa = PBXFileReference; fileEncoding = 4; lastKnownFileType = text.css; path = monokai.min.css; sourceTree = "<group>"; };
		18A41AE0242C765300AFC422 /* shades-of-purple.min.css */ = {isa = PBXFileReference; fileEncoding = 4; lastKnownFileType = text.css; path = "shades-of-purple.min.css"; sourceTree = "<group>"; };
		18A41AE1242C765300AFC422 /* sunburst.min.css */ = {isa = PBXFileReference; fileEncoding = 4; lastKnownFileType = text.css; path = sunburst.min.css; sourceTree = "<group>"; };
		18A41AE2242C765300AFC422 /* atelier-estuary-light.min.css */ = {isa = PBXFileReference; fileEncoding = 4; lastKnownFileType = text.css; path = "atelier-estuary-light.min.css"; sourceTree = "<group>"; };
		18A41AE3242C765300AFC422 /* darkula.min.css */ = {isa = PBXFileReference; fileEncoding = 4; lastKnownFileType = text.css; path = darkula.min.css; sourceTree = "<group>"; };
		18A41AE4242C765300AFC422 /* atelier-lakeside-light.min.css */ = {isa = PBXFileReference; fileEncoding = 4; lastKnownFileType = text.css; path = "atelier-lakeside-light.min.css"; sourceTree = "<group>"; };
		18A41AE5242C765300AFC422 /* gruvbox-light.min.css */ = {isa = PBXFileReference; fileEncoding = 4; lastKnownFileType = text.css; path = "gruvbox-light.min.css"; sourceTree = "<group>"; };
		18A41AE6242C765300AFC422 /* idea.min.css */ = {isa = PBXFileReference; fileEncoding = 4; lastKnownFileType = text.css; path = idea.min.css; sourceTree = "<group>"; };
		18A41AE7242C765300AFC422 /* magula.min.css */ = {isa = PBXFileReference; fileEncoding = 4; lastKnownFileType = text.css; path = magula.min.css; sourceTree = "<group>"; };
		18A41AE8242C765300AFC422 /* atelier-forest-light.min.css */ = {isa = PBXFileReference; fileEncoding = 4; lastKnownFileType = text.css; path = "atelier-forest-light.min.css"; sourceTree = "<group>"; };
		18A41AE9242C765300AFC422 /* pojoaque.min.css */ = {isa = PBXFileReference; fileEncoding = 4; lastKnownFileType = text.css; path = pojoaque.min.css; sourceTree = "<group>"; };
		18A41AEA242C765400AFC422 /* atelier-lakeside-dark.min.css */ = {isa = PBXFileReference; fileEncoding = 4; lastKnownFileType = text.css; path = "atelier-lakeside-dark.min.css"; sourceTree = "<group>"; };
		18A41AEB242C765400AFC422 /* github.min.css */ = {isa = PBXFileReference; fileEncoding = 4; lastKnownFileType = text.css; path = github.min.css; sourceTree = "<group>"; };
		18A41AEC242C765400AFC422 /* mono-blue.min.css */ = {isa = PBXFileReference; fileEncoding = 4; lastKnownFileType = text.css; path = "mono-blue.min.css"; sourceTree = "<group>"; };
		18A41AED242C765400AFC422 /* atelier-dune-dark.min.css */ = {isa = PBXFileReference; fileEncoding = 4; lastKnownFileType = text.css; path = "atelier-dune-dark.min.css"; sourceTree = "<group>"; };
		18A41AEE242C765400AFC422 /* school-book.min.css */ = {isa = PBXFileReference; fileEncoding = 4; lastKnownFileType = text.css; path = "school-book.min.css"; sourceTree = "<group>"; };
		18A41AEF242C765400AFC422 /* tomorrow-night-bright.min.css */ = {isa = PBXFileReference; fileEncoding = 4; lastKnownFileType = text.css; path = "tomorrow-night-bright.min.css"; sourceTree = "<group>"; };
		18A41AF0242C765400AFC422 /* tomorrow.min.css */ = {isa = PBXFileReference; fileEncoding = 4; lastKnownFileType = text.css; path = tomorrow.min.css; sourceTree = "<group>"; };
		18A41AF1242C765400AFC422 /* googlecode.min.css */ = {isa = PBXFileReference; fileEncoding = 4; lastKnownFileType = text.css; path = googlecode.min.css; sourceTree = "<group>"; };
		18A41AF2242C765400AFC422 /* paraiso-light.min.css */ = {isa = PBXFileReference; fileEncoding = 4; lastKnownFileType = text.css; path = "paraiso-light.min.css"; sourceTree = "<group>"; };
		18A41AF3242C765400AFC422 /* arduino-light.min.css */ = {isa = PBXFileReference; fileEncoding = 4; lastKnownFileType = text.css; path = "arduino-light.min.css"; sourceTree = "<group>"; };
		18A41AF4242C765400AFC422 /* qtcreator_light.min.css */ = {isa = PBXFileReference; fileEncoding = 4; lastKnownFileType = text.css; path = qtcreator_light.min.css; sourceTree = "<group>"; };
		18A41AF5242C765400AFC422 /* solarized-light.min.css */ = {isa = PBXFileReference; fileEncoding = 4; lastKnownFileType = text.css; path = "solarized-light.min.css"; sourceTree = "<group>"; };
		18A41AF6242C765400AFC422 /* xt256.min.css */ = {isa = PBXFileReference; fileEncoding = 4; lastKnownFileType = text.css; path = xt256.min.css; sourceTree = "<group>"; };
		18A41AF7242C765400AFC422 /* androidstudio.min.css */ = {isa = PBXFileReference; fileEncoding = 4; lastKnownFileType = text.css; path = androidstudio.min.css; sourceTree = "<group>"; };
		18A41AF8242C765400AFC422 /* tomorrow-night-eighties.min.css */ = {isa = PBXFileReference; fileEncoding = 4; lastKnownFileType = text.css; path = "tomorrow-night-eighties.min.css"; sourceTree = "<group>"; };
		18A41AF9242C765400AFC422 /* zenburn.min.css */ = {isa = PBXFileReference; fileEncoding = 4; lastKnownFileType = text.css; path = zenburn.min.css; sourceTree = "<group>"; };
		18A41AFA242C765400AFC422 /* docco.min.css */ = {isa = PBXFileReference; fileEncoding = 4; lastKnownFileType = text.css; path = docco.min.css; sourceTree = "<group>"; };
		18A41AFB242C765400AFC422 /* foundation.min.css */ = {isa = PBXFileReference; fileEncoding = 4; lastKnownFileType = text.css; path = foundation.min.css; sourceTree = "<group>"; };
		18A41AFC242C765400AFC422 /* atelier-seaside-dark.min.css */ = {isa = PBXFileReference; fileEncoding = 4; lastKnownFileType = text.css; path = "atelier-seaside-dark.min.css"; sourceTree = "<group>"; };
		18A41AFD242C765400AFC422 /* atelier-plateau-light.min.css */ = {isa = PBXFileReference; fileEncoding = 4; lastKnownFileType = text.css; path = "atelier-plateau-light.min.css"; sourceTree = "<group>"; };
		18A41AFE242C765400AFC422 /* atom-one-dark.min.css */ = {isa = PBXFileReference; fileEncoding = 4; lastKnownFileType = text.css; path = "atom-one-dark.min.css"; sourceTree = "<group>"; };
		18A41AFF242C765400AFC422 /* ascetic.min.css */ = {isa = PBXFileReference; fileEncoding = 4; lastKnownFileType = text.css; path = ascetic.min.css; sourceTree = "<group>"; };
		18A41B00242C765400AFC422 /* codepen-embed.min.css */ = {isa = PBXFileReference; fileEncoding = 4; lastKnownFileType = text.css; path = "codepen-embed.min.css"; sourceTree = "<group>"; };
		18A41B01242C765400AFC422 /* atelier-estuary-dark.min.css */ = {isa = PBXFileReference; fileEncoding = 4; lastKnownFileType = text.css; path = "atelier-estuary-dark.min.css"; sourceTree = "<group>"; };
		18A41B02242C765400AFC422 /* obsidian.min.css */ = {isa = PBXFileReference; fileEncoding = 4; lastKnownFileType = text.css; path = obsidian.min.css; sourceTree = "<group>"; };
		18A41B03242C765400AFC422 /* gruvbox-dark.min.css */ = {isa = PBXFileReference; fileEncoding = 4; lastKnownFileType = text.css; path = "gruvbox-dark.min.css"; sourceTree = "<group>"; };
		18A41B04242C765400AFC422 /* purebasic.min.css */ = {isa = PBXFileReference; fileEncoding = 4; lastKnownFileType = text.css; path = purebasic.min.css; sourceTree = "<group>"; };
		18A41B05242C765400AFC422 /* railscasts.min.css */ = {isa = PBXFileReference; fileEncoding = 4; lastKnownFileType = text.css; path = railscasts.min.css; sourceTree = "<group>"; };
		18A41B06242C765400AFC422 /* atelier-savanna-dark.min.css */ = {isa = PBXFileReference; fileEncoding = 4; lastKnownFileType = text.css; path = "atelier-savanna-dark.min.css"; sourceTree = "<group>"; };
		18A41B07242C765500AFC422 /* atelier-sulphurpool-light.min.css */ = {isa = PBXFileReference; fileEncoding = 4; lastKnownFileType = text.css; path = "atelier-sulphurpool-light.min.css"; sourceTree = "<group>"; };
		18A41B08242C765500AFC422 /* color-brewer.min.css */ = {isa = PBXFileReference; fileEncoding = 4; lastKnownFileType = text.css; path = "color-brewer.min.css"; sourceTree = "<group>"; };
		18B1856D246387F100B579AD /* CDSnippetTableView.swift */ = {isa = PBXFileReference; lastKnownFileType = sourcecode.swift; path = CDSnippetTableView.swift; sourceTree = "<group>"; };
		18B1856F24638B2A00B579AD /* CDSnippetTableViewCell.swift */ = {isa = PBXFileReference; lastKnownFileType = sourcecode.swift; path = CDSnippetTableViewCell.swift; sourceTree = "<group>"; };
		18B185712463B32400B579AD /* CDSnippetPopoperViewController.swift */ = {isa = PBXFileReference; lastKnownFileType = sourcecode.swift; path = CDSnippetPopoperViewController.swift; sourceTree = "<group>"; };
		18B185722463B32400B579AD /* CDSnippetPopoperViewController.xib */ = {isa = PBXFileReference; lastKnownFileType = file.xib; path = CDSnippetPopoperViewController.xib; sourceTree = "<group>"; };
		18B1857E2465AB2E00B579AD /* CDParser.swift */ = {isa = PBXFileReference; lastKnownFileType = sourcecode.swift; path = CDParser.swift; sourceTree = "<group>"; };
		18B185812468210100B579AD /* CDFileCompiler(Debugger).swift */ = {isa = PBXFileReference; lastKnownFileType = sourcecode.swift; path = "CDFileCompiler(Debugger).swift"; sourceTree = "<group>"; };
		18B1858A2468DC9800B579AD /* CDFileCompiler(Compile).swift */ = {isa = PBXFileReference; lastKnownFileType = sourcecode.swift; path = "CDFileCompiler(Compile).swift"; sourceTree = "<group>"; };
		18B1858C2468E44700B579AD /* CDDebugViewController.swift */ = {isa = PBXFileReference; fileEncoding = 4; lastKnownFileType = sourcecode.swift; path = CDDebugViewController.swift; sourceTree = "<group>"; };
		18B1858E2468E44E00B579AD /* CDDebugViewController.xib */ = {isa = PBXFileReference; fileEncoding = 4; lastKnownFileType = file.xib; path = CDDebugViewController.xib; sourceTree = "<group>"; };
		18B185902469608B00B579AD /* CDProjectDocument.swift */ = {isa = PBXFileReference; lastKnownFileType = sourcecode.swift; path = CDProjectDocument.swift; sourceTree = "<group>"; };
		18B1859824699A2800B579AD /* Main.storyboard */ = {isa = PBXFileReference; fileEncoding = 4; lastKnownFileType = file.storyboard; path = Main.storyboard; sourceTree = "<group>"; };
		18B3C77724272DF700F4CA14 /* CDFileCompiler(CompileAndRun).swift */ = {isa = PBXFileReference; lastKnownFileType = sourcecode.swift; path = "CDFileCompiler(CompileAndRun).swift"; sourceTree = "<group>"; };
		18B3C77D24282C1F00F4CA14 /* C+++.app */ = {isa = PBXFileReference; explicitFileType = wrapper.application; includeInIndex = 0; path = "C+++.app"; sourceTree = BUILT_PRODUCTS_DIR; };
		18B3C77F24282C1F00F4CA14 /* AppDelegate.swift */ = {isa = PBXFileReference; lastKnownFileType = sourcecode.swift; path = AppDelegate.swift; sourceTree = "<group>"; };
		18B3C78124282C1F00F4CA14 /* CDMainViewController.swift */ = {isa = PBXFileReference; lastKnownFileType = sourcecode.swift; path = CDMainViewController.swift; sourceTree = "<group>"; };
		18B3C78324282C1F00F4CA14 /* CDCodeDocument.swift */ = {isa = PBXFileReference; lastKnownFileType = sourcecode.swift; path = CDCodeDocument.swift; sourceTree = "<group>"; };
		18B3C78524282C2100F4CA14 /* Assets.xcassets */ = {isa = PBXFileReference; lastKnownFileType = folder.assetcatalog; path = Assets.xcassets; sourceTree = "<group>"; };
		18B3C78A24282C2100F4CA14 /* Info.plist */ = {isa = PBXFileReference; lastKnownFileType = text.plist.xml; path = Info.plist; sourceTree = "<group>"; };
		18B3C78B24282C2100F4CA14 /* Code_Editor.entitlements */ = {isa = PBXFileReference; lastKnownFileType = text.plist.entitlements; path = Code_Editor.entitlements; sourceTree = "<group>"; };
		18B3C78F242836A500F4CA14 /* CDDocumentContent.swift */ = {isa = PBXFileReference; lastKnownFileType = sourcecode.swift; path = CDDocumentContent.swift; sourceTree = "<group>"; };
		18B3C7932428378E00F4CA14 /* CDMainWindowController.swift */ = {isa = PBXFileReference; lastKnownFileType = sourcecode.swift; path = CDMainWindowController.swift; sourceTree = "<group>"; };
		18D4DD6C246A2C5100B97F32 /* CDProjectViewController.swift */ = {isa = PBXFileReference; lastKnownFileType = sourcecode.swift; path = CDProjectViewController.swift; sourceTree = "<group>"; };
		18D4DD6E246A2C9E00B97F32 /* CDProjectTableView.swift */ = {isa = PBXFileReference; lastKnownFileType = sourcecode.swift; path = CDProjectTableView.swift; sourceTree = "<group>"; };
		18D4DD70246A303400B97F32 /* CDProjectTableViewCell.swift */ = {isa = PBXFileReference; lastKnownFileType = sourcecode.swift; path = CDProjectTableViewCell.swift; sourceTree = "<group>"; };
		18E7291D244E6F91000317D7 /* CDLineNumberTextView.swift */ = {isa = PBXFileReference; lastKnownFileType = sourcecode.swift; path = CDLineNumberTextView.swift; sourceTree = "<group>"; };
		18E7291F244E756E000317D7 /* CDScrollView.swift */ = {isa = PBXFileReference; lastKnownFileType = sourcecode.swift; path = CDScrollView.swift; sourceTree = "<group>"; };
		18FC02872490E612004551B1 /* CDUpdateManager.swift */ = {isa = PBXFileReference; indentWidth = 5; lastKnownFileType = sourcecode.swift; path = CDUpdateManager.swift; sourceTree = "<group>"; };
		18FC02892492624F004551B1 /* CDUpdateManager(NSViewController Extension).swift */ = {isa = PBXFileReference; lastKnownFileType = sourcecode.swift; path = "CDUpdateManager(NSViewController Extension).swift"; sourceTree = "<group>"; };
		18FC05472487B9F600F33CE2 /* CDTestPointView.swift */ = {isa = PBXFileReference; lastKnownFileType = sourcecode.swift; path = CDTestPointView.swift; sourceTree = "<group>"; };
		18FC05492487BA3600F33CE2 /* CDTestViewController.swift */ = {isa = PBXFileReference; lastKnownFileType = sourcecode.swift; path = CDTestViewController.swift; sourceTree = "<group>"; };
		18FC054A2487BA3600F33CE2 /* CDTestViewController.xib */ = {isa = PBXFileReference; lastKnownFileType = file.xib; path = CDTestViewController.xib; sourceTree = "<group>"; };
/* End PBXFileReference section */

/* Begin PBXFrameworksBuildPhase section */
		18B3C77A24282C1F00F4CA14 /* Frameworks */ = {
			isa = PBXFrameworksBuildPhase;
			buildActionMask = 2147483647;
			files = (
			);
			runOnlyForDeploymentPostprocessing = 0;
		};
/* End PBXFrameworksBuildPhase section */

/* Begin PBXGroup section */
		183BF3C624287FFE007AF6AC /* Compile */ = {
			isa = PBXGroup;
			children = (
				18B3C77724272DF700F4CA14 /* CDFileCompiler(CompileAndRun).swift */,
				18B185812468210100B579AD /* CDFileCompiler(Debugger).swift */,
				18B1858A2468DC9800B579AD /* CDFileCompiler(Compile).swift */,
			);
			path = Compile;
			sourceTree = "<group>";
		};
		183BF3C72428801C007AF6AC /* Classes */ = {
			isa = PBXGroup;
			children = (
				18B1859824699A2800B579AD /* Main.storyboard */,
				18B1859524698AA400B579AD /* Main View Controller */,
				18E0B01C242C52650062049C /* Document */,
				18FC05442487B96200F33CE2 /* Test */,
				187527AC247A64B200A7522A /* Launch View Controller */,
				18D4DD6B246A2C1A00B97F32 /* Project View Controller */,
				18541B172445AB35000EB4CB /* Settings */,
				18B1858324682FC300B579AD /* Debug */,
				18B185752464EE9200B579AD /* Snippet */,
				18B185802466D9B100B579AD /* Completion */,
				183BF3C824288043007AF6AC /* Edit */,
				183BF3C624287FFE007AF6AC /* Compile */,
				18FC02862490E5F2004551B1 /* Update */,
			);
			path = Classes;
			sourceTree = "<group>";
		};
		183BF3C824288043007AF6AC /* Edit */ = {
			isa = PBXGroup;
			children = (
				183BF3C9242906B3007AF6AC /* CDTextView.swift */,
				18E7291D244E6F91000317D7 /* CDLineNumberTextView.swift */,
				18E7291F244E756E000317D7 /* CDScrollView.swift */,
				1868EBD6244AF934005467B2 /* CDTextViewDelegate.swift */,
				18A41AA0242C752C00AFC422 /* Highlight */,
				187EF969248C86DD0023F381 /* C+++-Bridging-Header.h */,
			);
			path = Edit;
			sourceTree = "<group>";
		};
		18541B172445AB35000EB4CB /* Settings */ = {
			isa = PBXGroup;
			children = (
				180480AD2448602700CD0A4D /* CDSettings.swift */,
				1868EBD4244981C2005467B2 /* CDCompileSettings.swift */,
				18541B152445905F000EB4CB /* CDSettingsViewController.swift */,
			);
			path = Settings;
			sourceTree = "<group>";
		};
		187527AC247A64B200A7522A /* Launch View Controller */ = {
			isa = PBXGroup;
			children = (
				187527AF247A6A1900A7522A /* CDLaunchViewController.swift */,
			);
			path = "Launch View Controller";
			sourceTree = "<group>";
		};
		18A41AA0242C752C00AFC422 /* Highlight */ = {
			isa = PBXGroup;
			children = (
				18A41AA1242C756700AFC422 /* CDHighlightr.swift */,
				18A41AA3242C758B00AFC422 /* CDHighlightrTheme.swift */,
				18A41AAB242C75EF00AFC422 /* Assets */,
				18A41AA5242C75A600AFC422 /* CDHighlightrHTMLUtils.swift */,
				18A41AA7242C75C300AFC422 /* CDHighlightrShims.swift */,
				18A41AA9242C75DE00AFC422 /* CDAttributedString.swift */,
			);
			path = Highlight;
			sourceTree = "<group>";
		};
		18A41AAB242C75EF00AFC422 /* Assets */ = {
			isa = PBXGroup;
			children = (
				18A41AAE242C763A00AFC422 /* Styles */,
				18A41AAC242C762100AFC422 /* highlight.min.js */,
			);
			path = Assets;
			sourceTree = "<group>";
		};
		18A41AAE242C763A00AFC422 /* Styles */ = {
			isa = PBXGroup;
			children = (
				18A41AC6242C765200AFC422 /* a11y-dark.min.css */,
				18A41AB8242C765200AFC422 /* a11y-light.min.css */,
				18A41AC4242C765200AFC422 /* agate.min.css */,
				18A41AC2242C765200AFC422 /* an-old-hope.min.css */,
				18A41AF7242C765400AFC422 /* androidstudio.min.css */,
				18A41AF3242C765400AFC422 /* arduino-light.min.css */,
				18A41ACE242C765300AFC422 /* arta.min.css */,
				18A41AFF242C765400AFC422 /* ascetic.min.css */,
				18A41AC9242C765200AFC422 /* atelier-cave-dark.min.css */,
				18A41ABF242C765200AFC422 /* atelier-cave-light.min.css */,
				18A41AED242C765400AFC422 /* atelier-dune-dark.min.css */,
				18A41AC7242C765200AFC422 /* atelier-dune-light.min.css */,
				18A41B01242C765400AFC422 /* atelier-estuary-dark.min.css */,
				18A41AE2242C765300AFC422 /* atelier-estuary-light.min.css */,
				18A41ABD242C765200AFC422 /* atelier-forest-dark.min.css */,
				18A41AE8242C765300AFC422 /* atelier-forest-light.min.css */,
				18A41AC0242C765200AFC422 /* atelier-heath-dark.min.css */,
				18A41AD1242C765300AFC422 /* atelier-heath-light.min.css */,
				18A41AEA242C765400AFC422 /* atelier-lakeside-dark.min.css */,
				18A41AE4242C765300AFC422 /* atelier-lakeside-light.min.css */,
				18A41ADA242C765300AFC422 /* atelier-plateau-dark.min.css */,
				18A41AFD242C765400AFC422 /* atelier-plateau-light.min.css */,
				18A41B06242C765400AFC422 /* atelier-savanna-dark.min.css */,
				18A41AB2242C765200AFC422 /* atelier-savanna-light.min.css */,
				18A41AFC242C765400AFC422 /* atelier-seaside-dark.min.css */,
				18A41ABE242C765200AFC422 /* atelier-seaside-light.min.css */,
				18A41AB3242C765200AFC422 /* atelier-sulphurpool-dark.min.css */,
				18A41B07242C765500AFC422 /* atelier-sulphurpool-light.min.css */,
				18A41AC1242C765200AFC422 /* atom-one-dark-reasonable.min.css */,
				18A41AFE242C765400AFC422 /* atom-one-dark.min.css */,
				18A41AD2242C765300AFC422 /* atom-one-light.min.css */,
				18A41ACA242C765200AFC422 /* brown-paper.min.css */,
				18A41B00242C765400AFC422 /* codepen-embed.min.css */,
				18A41B08242C765500AFC422 /* color-brewer.min.css */,
				18A41ADC242C765300AFC422 /* darcula.min.css */,
				18A41AC5242C765200AFC422 /* dark.min.css */,
				18A41AE3242C765300AFC422 /* darkula.min.css */,
				18A41ADE242C765300AFC422 /* default.min.css */,
				18A41AFA242C765400AFC422 /* docco.min.css */,
				18A41AD7242C765300AFC422 /* dracula.min.css */,
				18A41ABC242C765200AFC422 /* far.min.css */,
				18A41AFB242C765400AFC422 /* foundation.min.css */,
				18A41AD0242C765300AFC422 /* github-gist.min.css */,
				18A41AEB242C765400AFC422 /* github.min.css */,
				18A41AD6242C765300AFC422 /* gml.min.css */,
				18A41AF1242C765400AFC422 /* googlecode.min.css */,
				18A41ACB242C765300AFC422 /* grayscale.min.css */,
				18A41B03242C765400AFC422 /* gruvbox-dark.min.css */,
				18A41AE5242C765300AFC422 /* gruvbox-light.min.css */,
				18A41AD3242C765300AFC422 /* hopscotch.min.css */,
				18A41ABB242C765200AFC422 /* hybrid.min.css */,
				18A41AE6242C765300AFC422 /* idea.min.css */,
				18A41AC8242C765200AFC422 /* ir-black.min.css */,
				18A41AB0242C765200AFC422 /* isbl-editor-dark.min.css */,
				18A41AC3242C765200AFC422 /* isbl-editor-light.min.css */,
				18A41AD4242C765300AFC422 /* kimbie.dark.min.css */,
				18A41AB4242C765200AFC422 /* kimbie.light.min.css */,
				18A41ADD242C765300AFC422 /* lightfair.min.css */,
				18A41AE7242C765300AFC422 /* magula.min.css */,
				18A41AEC242C765400AFC422 /* mono-blue.min.css */,
				18A41AD5242C765300AFC422 /* monokai-sublime.min.css */,
				18A41ADF242C765300AFC422 /* monokai.min.css */,
				18A41AB7242C765200AFC422 /* nord.min.css */,
				18A41B02242C765400AFC422 /* obsidian.min.css */,
				18A41AB6242C765200AFC422 /* ocean.min.css */,
				18A41AAF242C765200AFC422 /* paraiso-dark.min.css */,
				18A41AF2242C765400AFC422 /* paraiso-light.min.css */,
				18A41ACD242C765300AFC422 /* perfect.min.css */,
				18A41AE9242C765300AFC422 /* pojoaque.min.css */,
				18A41B04242C765400AFC422 /* purebasic.min.css */,
				18A41AB1242C765200AFC422 /* qtcreator_dark.min.css */,
				18A41AF4242C765400AFC422 /* qtcreator_light.min.css */,
				18A41B05242C765400AFC422 /* railscasts.min.css */,
				18A41AB5242C765200AFC422 /* rainbow.min.css */,
				18A41ACF242C765300AFC422 /* routeros.min.css */,
				18A41AEE242C765400AFC422 /* school-book.min.css */,
				18A41AE0242C765300AFC422 /* shades-of-purple.min.css */,
				18A41ABA242C765200AFC422 /* solarized-dark.min.css */,
				18A41AF5242C765400AFC422 /* solarized-light.min.css */,
				18A41AE1242C765300AFC422 /* sunburst.min.css */,
				18A41AD8242C765300AFC422 /* tomorrow-night-blue.min.css */,
				18A41AEF242C765400AFC422 /* tomorrow-night-bright.min.css */,
				18A41AF8242C765400AFC422 /* tomorrow-night-eighties.min.css */,
				18A41AB9242C765200AFC422 /* tomorrow-night.min.css */,
				18A41AF0242C765400AFC422 /* tomorrow.min.css */,
				18A41AD9242C765300AFC422 /* vs.min.css */,
				18A41ADB242C765300AFC422 /* vs2015.min.css */,
				18A41ACC242C765300AFC422 /* xcode.min.css */,
				18A41AF6242C765400AFC422 /* xt256.min.css */,
				18A41AF9242C765400AFC422 /* zenburn.min.css */,
			);
			path = Styles;
			sourceTree = "<group>";
		};
		18B185752464EE9200B579AD /* Snippet */ = {
			isa = PBXGroup;
			children = (
				18B1856D246387F100B579AD /* CDSnippetTableView.swift */,
				18B1856F24638B2A00B579AD /* CDSnippetTableViewCell.swift */,
				18B185712463B32400B579AD /* CDSnippetPopoperViewController.swift */,
				18B185722463B32400B579AD /* CDSnippetPopoperViewController.xib */,
			);
			path = Snippet;
			sourceTree = "<group>";
		};
		18B185802466D9B100B579AD /* Completion */ = {
			isa = PBXGroup;
			children = (
				18B1857E2465AB2E00B579AD /* CDParser.swift */,
			);
			path = Completion;
			sourceTree = "<group>";
		};
		18B1858324682FC300B579AD /* Debug */ = {
			isa = PBXGroup;
			children = (
				18B1858C2468E44700B579AD /* CDDebugViewController.swift */,
				18B1858E2468E44E00B579AD /* CDDebugViewController.xib */,
			);
			path = Debug;
			sourceTree = "<group>";
		};
		18B1859524698AA400B579AD /* Main View Controller */ = {
			isa = PBXGroup;
			children = (
				18B3C7932428378E00F4CA14 /* CDMainWindowController.swift */,
				18B3C78124282C1F00F4CA14 /* CDMainViewController.swift */,
			);
			path = "Main View Controller";
			sourceTree = "<group>";
		};
		18B3C75B24272D9F00F4CA14 = {
			isa = PBXGroup;
			children = (
				180480A824474A0700CD0A4D /* README.md */,
				184B1C7124945FBA0071C1AA /* index.html */,
				18B3C77E24282C1F00F4CA14 /* C+++ */,
				18B3C76524272D9F00F4CA14 /* Products */,
			);
			sourceTree = "<group>";
		};
		18B3C76524272D9F00F4CA14 /* Products */ = {
			isa = PBXGroup;
			children = (
				18B3C77D24282C1F00F4CA14 /* C+++.app */,
			);
			name = Products;
			sourceTree = "<group>";
		};
		18B3C77E24282C1F00F4CA14 /* C+++ */ = {
			isa = PBXGroup;
			children = (
				18B3C77F24282C1F00F4CA14 /* AppDelegate.swift */,
				184D5733247EA97500C5AA27 /* NSApplication Extension.swift */,
				183BF3C72428801C007AF6AC /* Classes */,
				18B3C78A24282C2100F4CA14 /* Info.plist */,
				18B3C78524282C2100F4CA14 /* Assets.xcassets */,
				18B3C78B24282C2100F4CA14 /* Code_Editor.entitlements */,
			);
			path = "C+++";
			sourceTree = "<group>";
		};
		18D4DD6B246A2C1A00B97F32 /* Project View Controller */ = {
			isa = PBXGroup;
			children = (
				18D4DD6C246A2C5100B97F32 /* CDProjectViewController.swift */,
				18D4DD6E246A2C9E00B97F32 /* CDProjectTableView.swift */,
				18D4DD70246A303400B97F32 /* CDProjectTableViewCell.swift */,
			);
			path = "Project View Controller";
			sourceTree = "<group>";
		};
		18E0B01C242C52650062049C /* Document */ = {
			isa = PBXGroup;
			children = (
				18B3C78324282C1F00F4CA14 /* CDCodeDocument.swift */,
				1860EC3224839A8B0066DE64 /* CDDocumentController.swift */,
				18B185902469608B00B579AD /* CDProjectDocument.swift */,
				18B3C78F242836A500F4CA14 /* CDDocumentContent.swift */,
			);
			path = Document;
			sourceTree = "<group>";
		};
		18FC02862490E5F2004551B1 /* Update */ = {
			isa = PBXGroup;
			children = (
				18FC02872490E612004551B1 /* CDUpdateManager.swift */,
				18FC02892492624F004551B1 /* CDUpdateManager(NSViewController Extension).swift */,
			);
			path = Update;
			sourceTree = "<group>";
		};
		18FC05442487B96200F33CE2 /* Test */ = {
			isa = PBXGroup;
			children = (
				18FC05472487B9F600F33CE2 /* CDTestPointView.swift */,
				18FC05492487BA3600F33CE2 /* CDTestViewController.swift */,
				18FC054A2487BA3600F33CE2 /* CDTestViewController.xib */,
			);
			path = Test;
			sourceTree = "<group>";
		};
/* End PBXGroup section */

/* Begin PBXNativeTarget section */
		18B3C77C24282C1F00F4CA14 /* C+++ */ = {
			isa = PBXNativeTarget;
			buildConfigurationList = 18B3C78C24282C2100F4CA14 /* Build configuration list for PBXNativeTarget "C+++" */;
			buildPhases = (
				18B3C77924282C1F00F4CA14 /* Sources */,
				18B3C77A24282C1F00F4CA14 /* Frameworks */,
				18B3C77B24282C1F00F4CA14 /* Resources */,
			);
			buildRules = (
			);
			dependencies = (
			);
			name = "C+++";
			productName = "Code Editor";
			productReference = 18B3C77D24282C1F00F4CA14 /* C+++.app */;
			productType = "com.apple.product-type.application";
		};
/* End PBXNativeTarget section */

/* Begin PBXProject section */
		18B3C75C24272D9F00F4CA14 /* Project object */ = {
			isa = PBXProject;
			attributes = {
				LastSwiftUpdateCheck = 1130;
				LastUpgradeCheck = 1140;
				ORGANIZATIONNAME = "Zhu Yixuan";
				TargetAttributes = {
					18B3C77C24282C1F00F4CA14 = {
						CreatedOnToolsVersion = 11.3.1;
						LastSwiftMigration = 1140;
					};
				};
			};
			buildConfigurationList = 18B3C75F24272D9F00F4CA14 /* Build configuration list for PBXProject "C+++" */;
			compatibilityVersion = "Xcode 9.3";
			developmentRegion = en;
			hasScannedForEncodings = 0;
			knownRegions = (
				en,
			);
			mainGroup = 18B3C75B24272D9F00F4CA14;
			productRefGroup = 18B3C76524272D9F00F4CA14 /* Products */;
			projectDirPath = "";
			projectRoot = "";
			targets = (
				18B3C77C24282C1F00F4CA14 /* C+++ */,
			);
		};
/* End PBXProject section */

/* Begin PBXResourcesBuildPhase section */
		18B3C77B24282C1F00F4CA14 /* Resources */ = {
			isa = PBXResourcesBuildPhase;
			buildActionMask = 2147483647;
			files = (
				18A41B3C242C765500AFC422 /* atelier-estuary-light.min.css in Resources */,
				18A41B5D242C765500AFC422 /* gruvbox-dark.min.css in Resources */,
				18A41B1E242C765500AFC422 /* agate.min.css in Resources */,
				18A41B32242C765500AFC422 /* tomorrow-night-blue.min.css in Resources */,
				18A41B11242C765500AFC422 /* nord.min.css in Resources */,
				18A41B0D242C765500AFC422 /* atelier-sulphurpool-dark.min.css in Resources */,
				18A41B37242C765500AFC422 /* lightfair.min.css in Resources */,
				18A41B26242C765500AFC422 /* xcode.min.css in Resources */,
				18A41B51242C765500AFC422 /* androidstudio.min.css in Resources */,
				18A41B1F242C765500AFC422 /* dark.min.css in Resources */,
				18A41B36242C765500AFC422 /* darcula.min.css in Resources */,
				18A41B33242C765500AFC422 /* vs.min.css in Resources */,
				18A41B2D242C765500AFC422 /* hopscotch.min.css in Resources */,
				18A41B27242C765500AFC422 /* perfect.min.css in Resources */,
				18A41B3E242C765500AFC422 /* atelier-lakeside-light.min.css in Resources */,
				18A41B5B242C765500AFC422 /* atelier-estuary-dark.min.css in Resources */,
				18A41B14242C765500AFC422 /* solarized-dark.min.css in Resources */,
				18A41B22242C765500AFC422 /* ir-black.min.css in Resources */,
				18A41B53242C765500AFC422 /* zenburn.min.css in Resources */,
				18A41B28242C765500AFC422 /* arta.min.css in Resources */,
				18A41B58242C765500AFC422 /* atom-one-dark.min.css in Resources */,
				18A41B57242C765500AFC422 /* atelier-plateau-light.min.css in Resources */,
				18A41B4E242C765500AFC422 /* qtcreator_light.min.css in Resources */,
				18A41B0C242C765500AFC422 /* atelier-savanna-light.min.css in Resources */,
				18A41B0E242C765500AFC422 /* kimbie.light.min.css in Resources */,
				18A41B21242C765500AFC422 /* atelier-dune-light.min.css in Resources */,
				18A41B1D242C765500AFC422 /* isbl-editor-light.min.css in Resources */,
				18A41B47242C765500AFC422 /* atelier-dune-dark.min.css in Resources */,
				18A41B4D242C765500AFC422 /* arduino-light.min.css in Resources */,
				18A41B5A242C765500AFC422 /* codepen-embed.min.css in Resources */,
				18A41B4B242C765500AFC422 /* googlecode.min.css in Resources */,
				18A41B34242C765500AFC422 /* atelier-plateau-dark.min.css in Resources */,
				18A41B1A242C765500AFC422 /* atelier-heath-dark.min.css in Resources */,
				18B185742463B32400B579AD /* CDSnippetPopoperViewController.xib in Resources */,
				18A41B24242C765500AFC422 /* brown-paper.min.css in Resources */,
				18A41AAD242C762100AFC422 /* highlight.min.js in Resources */,
				18B1859924699A2800B579AD /* Main.storyboard in Resources */,
				18A41B16242C765500AFC422 /* far.min.css in Resources */,
				18A41B13242C765500AFC422 /* tomorrow-night.min.css in Resources */,
				18A41B50242C765500AFC422 /* xt256.min.css in Resources */,
				18A41B2B242C765500AFC422 /* atelier-heath-light.min.css in Resources */,
				18A41B3A242C765500AFC422 /* shades-of-purple.min.css in Resources */,
				18A41B0F242C765500AFC422 /* rainbow.min.css in Resources */,
				18A41B35242C765500AFC422 /* vs2015.min.css in Resources */,
				18A41B10242C765500AFC422 /* ocean.min.css in Resources */,
				18A41B29242C765500AFC422 /* routeros.min.css in Resources */,
				18A41B5F242C765500AFC422 /* railscasts.min.css in Resources */,
				18A41B61242C765500AFC422 /* atelier-sulphurpool-light.min.css in Resources */,
				18A41B54242C765500AFC422 /* docco.min.css in Resources */,
				18A41B48242C765500AFC422 /* school-book.min.css in Resources */,
				18A41B18242C765500AFC422 /* atelier-seaside-light.min.css in Resources */,
				18A41B59242C765500AFC422 /* ascetic.min.css in Resources */,
				184B1C7224945FBA0071C1AA /* index.html in Resources */,
				18A41B4F242C765500AFC422 /* solarized-light.min.css in Resources */,
				18A41B31242C765500AFC422 /* dracula.min.css in Resources */,
				18A41B1B242C765500AFC422 /* atom-one-dark-reasonable.min.css in Resources */,
				18A41B62242C765500AFC422 /* color-brewer.min.css in Resources */,
				18A41B4C242C765500AFC422 /* paraiso-light.min.css in Resources */,
				18A41B2C242C765500AFC422 /* atom-one-light.min.css in Resources */,
				18A41B3F242C765500AFC422 /* gruvbox-light.min.css in Resources */,
				18A41B15242C765500AFC422 /* hybrid.min.css in Resources */,
				18A41B3D242C765500AFC422 /* darkula.min.css in Resources */,
				18B1858F2468E44E00B579AD /* CDDebugViewController.xib in Resources */,
				18A41B55242C765500AFC422 /* foundation.min.css in Resources */,
				18A41B1C242C765500AFC422 /* an-old-hope.min.css in Resources */,
				18A41B30242C765500AFC422 /* gml.min.css in Resources */,
				18A41B2F242C765500AFC422 /* monokai-sublime.min.css in Resources */,
				18A41B5C242C765500AFC422 /* obsidian.min.css in Resources */,
				18A41B25242C765500AFC422 /* grayscale.min.css in Resources */,
				18A41B5E242C765500AFC422 /* purebasic.min.css in Resources */,
				18A41B17242C765500AFC422 /* atelier-forest-dark.min.css in Resources */,
				18A41B52242C765500AFC422 /* tomorrow-night-eighties.min.css in Resources */,
				18A41B38242C765500AFC422 /* default.min.css in Resources */,
				18A41B4A242C765500AFC422 /* tomorrow.min.css in Resources */,
				18A41B60242C765500AFC422 /* atelier-savanna-dark.min.css in Resources */,
				18A41B49242C765500AFC422 /* tomorrow-night-bright.min.css in Resources */,
				18A41B56242C765500AFC422 /* atelier-seaside-dark.min.css in Resources */,
				18A41B43242C765500AFC422 /* pojoaque.min.css in Resources */,
				18A41B2E242C765500AFC422 /* kimbie.dark.min.css in Resources */,
				18A41B42242C765500AFC422 /* atelier-forest-light.min.css in Resources */,
				18FC054C2487BA3600F33CE2 /* CDTestViewController.xib in Resources */,
				18A41B41242C765500AFC422 /* magula.min.css in Resources */,
				18A41B39242C765500AFC422 /* monokai.min.css in Resources */,
				18B3C78624282C2100F4CA14 /* Assets.xcassets in Resources */,
				18A41B46242C765500AFC422 /* mono-blue.min.css in Resources */,
				18A41B3B242C765500AFC422 /* sunburst.min.css in Resources */,
				18A41B0B242C765500AFC422 /* qtcreator_dark.min.css in Resources */,
				18A41B09242C765500AFC422 /* paraiso-dark.min.css in Resources */,
				18A41B44242C765500AFC422 /* atelier-lakeside-dark.min.css in Resources */,
				18A41B20242C765500AFC422 /* a11y-dark.min.css in Resources */,
				18A41B0A242C765500AFC422 /* isbl-editor-dark.min.css in Resources */,
				18A41B45242C765500AFC422 /* github.min.css in Resources */,
				18A41B40242C765500AFC422 /* idea.min.css in Resources */,
				18A41B23242C765500AFC422 /* atelier-cave-dark.min.css in Resources */,
				18A41B19242C765500AFC422 /* atelier-cave-light.min.css in Resources */,
				18A41B12242C765500AFC422 /* a11y-light.min.css in Resources */,
				18A41B2A242C765500AFC422 /* github-gist.min.css in Resources */,
			);
			runOnlyForDeploymentPostprocessing = 0;
		};
/* End PBXResourcesBuildPhase section */

/* Begin PBXSourcesBuildPhase section */
		18B3C77924282C1F00F4CA14 /* Sources */ = {
			isa = PBXSourcesBuildPhase;
			buildActionMask = 2147483647;
			files = (
				1868EBD7244AF934005467B2 /* CDTextViewDelegate.swift in Sources */,
				1860EC3324839A8B0066DE64 /* CDDocumentController.swift in Sources */,
				18B3C78224282C1F00F4CA14 /* CDMainViewController.swift in Sources */,
				18FC028A2492624F004551B1 /* CDUpdateManager(NSViewController Extension).swift in Sources */,
				187527B0247A6A1900A7522A /* CDLaunchViewController.swift in Sources */,
				18B1857F2465AB2E00B579AD /* CDParser.swift in Sources */,
				1868EBD5244981C2005467B2 /* CDCompileSettings.swift in Sources */,
				18A41AA8242C75C300AFC422 /* CDHighlightrShims.swift in Sources */,
				180480AE2448602700CD0A4D /* CDSettings.swift in Sources */,
				18E72920244E756E000317D7 /* CDScrollView.swift in Sources */,
				18B185732463B32400B579AD /* CDSnippetPopoperViewController.swift in Sources */,
				18A41AAA242C75DE00AFC422 /* CDAttributedString.swift in Sources */,
				183BF3CA242906B3007AF6AC /* CDTextView.swift in Sources */,
				18A41AA2242C756700AFC422 /* CDHighlightr.swift in Sources */,
				18B1858D2468E44700B579AD /* CDDebugViewController.swift in Sources */,
				18B1858B2468DC9800B579AD /* CDFileCompiler(Compile).swift in Sources */,
				18A41AA6242C75A600AFC422 /* CDHighlightrHTMLUtils.swift in Sources */,
				18541B162445905F000EB4CB /* CDSettingsViewController.swift in Sources */,
				18A41AA4242C758B00AFC422 /* CDHighlightrTheme.swift in Sources */,
				18B3C7942428378E00F4CA14 /* CDMainWindowController.swift in Sources */,
				18FC054B2487BA3600F33CE2 /* CDTestViewController.swift in Sources */,
				18D4DD6F246A2C9E00B97F32 /* CDProjectTableView.swift in Sources */,
				18FC02882490E612004551B1 /* CDUpdateManager.swift in Sources */,
				18D4DD71246A303400B97F32 /* CDProjectTableViewCell.swift in Sources */,
				18D4DD6D246A2C5100B97F32 /* CDProjectViewController.swift in Sources */,
				18B1857024638B2A00B579AD /* CDSnippetTableViewCell.swift in Sources */,
				18B185822468210100B579AD /* CDFileCompiler(Debugger).swift in Sources */,
				18B185912469608B00B579AD /* CDProjectDocument.swift in Sources */,
				18B1856E246387F100B579AD /* CDSnippetTableView.swift in Sources */,
				18FC05482487B9F600F33CE2 /* CDTestPointView.swift in Sources */,
				18B3C78024282C1F00F4CA14 /* AppDelegate.swift in Sources */,
				18B3C78424282C1F00F4CA14 /* CDCodeDocument.swift in Sources */,
				18B3C790242836A500F4CA14 /* CDDocumentContent.swift in Sources */,
				183BF3C524287D4C007AF6AC /* CDFileCompiler(CompileAndRun).swift in Sources */,
				184D5734247EA97500C5AA27 /* NSApplication Extension.swift in Sources */,
				18E7291E244E6F91000317D7 /* CDLineNumberTextView.swift in Sources */,
			);
			runOnlyForDeploymentPostprocessing = 0;
		};
/* End PBXSourcesBuildPhase section */

/* Begin XCBuildConfiguration section */
		18B3C77224272DA000F4CA14 /* Debug */ = {
			isa = XCBuildConfiguration;
			buildSettings = {
				ALWAYS_SEARCH_USER_PATHS = NO;
				CLANG_ANALYZER_NONNULL = YES;
				CLANG_ANALYZER_NUMBER_OBJECT_CONVERSION = YES_AGGRESSIVE;
				CLANG_CXX_LANGUAGE_STANDARD = "gnu++14";
				CLANG_CXX_LIBRARY = "libc++";
				CLANG_ENABLE_MODULES = YES;
				CLANG_ENABLE_OBJC_ARC = YES;
				CLANG_ENABLE_OBJC_WEAK = YES;
				CLANG_WARN_BLOCK_CAPTURE_AUTORELEASING = YES;
				CLANG_WARN_BOOL_CONVERSION = YES;
				CLANG_WARN_COMMA = YES;
				CLANG_WARN_CONSTANT_CONVERSION = YES;
				CLANG_WARN_DEPRECATED_OBJC_IMPLEMENTATIONS = YES;
				CLANG_WARN_DIRECT_OBJC_ISA_USAGE = YES_ERROR;
				CLANG_WARN_DOCUMENTATION_COMMENTS = YES;
				CLANG_WARN_EMPTY_BODY = YES;
				CLANG_WARN_ENUM_CONVERSION = YES;
				CLANG_WARN_INFINITE_RECURSION = YES;
				CLANG_WARN_INT_CONVERSION = YES;
				CLANG_WARN_NON_LITERAL_NULL_CONVERSION = YES;
				CLANG_WARN_OBJC_IMPLICIT_RETAIN_SELF = YES;
				CLANG_WARN_OBJC_LITERAL_CONVERSION = YES;
				CLANG_WARN_OBJC_ROOT_CLASS = YES_ERROR;
				CLANG_WARN_RANGE_LOOP_ANALYSIS = YES;
				CLANG_WARN_STRICT_PROTOTYPES = YES;
				CLANG_WARN_SUSPICIOUS_MOVE = YES;
				CLANG_WARN_UNGUARDED_AVAILABILITY = YES_AGGRESSIVE;
				CLANG_WARN_UNREACHABLE_CODE = YES;
				CLANG_WARN__DUPLICATE_METHOD_MATCH = YES;
				COPY_PHASE_STRIP = NO;
				DEBUG_INFORMATION_FORMAT = dwarf;
				ENABLE_STRICT_OBJC_MSGSEND = YES;
				ENABLE_TESTABILITY = YES;
				GCC_C_LANGUAGE_STANDARD = gnu11;
				GCC_DYNAMIC_NO_PIC = NO;
				GCC_NO_COMMON_BLOCKS = YES;
				GCC_OPTIMIZATION_LEVEL = 0;
				GCC_PREPROCESSOR_DEFINITIONS = (
					"DEBUG=1",
					"$(inherited)",
				);
				GCC_WARN_64_TO_32_BIT_CONVERSION = YES;
				GCC_WARN_ABOUT_RETURN_TYPE = YES_ERROR;
				GCC_WARN_UNDECLARED_SELECTOR = YES;
				GCC_WARN_UNINITIALIZED_AUTOS = YES_AGGRESSIVE;
				GCC_WARN_UNUSED_FUNCTION = YES;
				GCC_WARN_UNUSED_VARIABLE = YES;
				MACOSX_DEPLOYMENT_TARGET = 10.12.2;
				MTL_ENABLE_DEBUG_INFO = INCLUDE_SOURCE;
				MTL_FAST_MATH = YES;
				ONLY_ACTIVE_ARCH = YES;
				SDKROOT = macosx;
				SWIFT_ACTIVE_COMPILATION_CONDITIONS = DEBUG;
				SWIFT_OPTIMIZATION_LEVEL = "-Onone";
			};
			name = Debug;
		};
		18B3C77324272DA000F4CA14 /* Release */ = {
			isa = XCBuildConfiguration;
			buildSettings = {
				ALWAYS_SEARCH_USER_PATHS = NO;
				CLANG_ANALYZER_NONNULL = YES;
				CLANG_ANALYZER_NUMBER_OBJECT_CONVERSION = YES_AGGRESSIVE;
				CLANG_CXX_LANGUAGE_STANDARD = "gnu++14";
				CLANG_CXX_LIBRARY = "libc++";
				CLANG_ENABLE_MODULES = YES;
				CLANG_ENABLE_OBJC_ARC = YES;
				CLANG_ENABLE_OBJC_WEAK = YES;
				CLANG_WARN_BLOCK_CAPTURE_AUTORELEASING = YES;
				CLANG_WARN_BOOL_CONVERSION = YES;
				CLANG_WARN_COMMA = YES;
				CLANG_WARN_CONSTANT_CONVERSION = YES;
				CLANG_WARN_DEPRECATED_OBJC_IMPLEMENTATIONS = YES;
				CLANG_WARN_DIRECT_OBJC_ISA_USAGE = YES_ERROR;
				CLANG_WARN_DOCUMENTATION_COMMENTS = YES;
				CLANG_WARN_EMPTY_BODY = YES;
				CLANG_WARN_ENUM_CONVERSION = YES;
				CLANG_WARN_INFINITE_RECURSION = YES;
				CLANG_WARN_INT_CONVERSION = YES;
				CLANG_WARN_NON_LITERAL_NULL_CONVERSION = YES;
				CLANG_WARN_OBJC_IMPLICIT_RETAIN_SELF = YES;
				CLANG_WARN_OBJC_LITERAL_CONVERSION = YES;
				CLANG_WARN_OBJC_ROOT_CLASS = YES_ERROR;
				CLANG_WARN_RANGE_LOOP_ANALYSIS = YES;
				CLANG_WARN_STRICT_PROTOTYPES = YES;
				CLANG_WARN_SUSPICIOUS_MOVE = YES;
				CLANG_WARN_UNGUARDED_AVAILABILITY = YES_AGGRESSIVE;
				CLANG_WARN_UNREACHABLE_CODE = YES;
				CLANG_WARN__DUPLICATE_METHOD_MATCH = YES;
				COPY_PHASE_STRIP = NO;
				DEBUG_INFORMATION_FORMAT = "dwarf-with-dsym";
				ENABLE_NS_ASSERTIONS = NO;
				ENABLE_STRICT_OBJC_MSGSEND = YES;
				GCC_C_LANGUAGE_STANDARD = gnu11;
				GCC_NO_COMMON_BLOCKS = YES;
				GCC_WARN_64_TO_32_BIT_CONVERSION = YES;
				GCC_WARN_ABOUT_RETURN_TYPE = YES_ERROR;
				GCC_WARN_UNDECLARED_SELECTOR = YES;
				GCC_WARN_UNINITIALIZED_AUTOS = YES_AGGRESSIVE;
				GCC_WARN_UNUSED_FUNCTION = YES;
				GCC_WARN_UNUSED_VARIABLE = YES;
				MACOSX_DEPLOYMENT_TARGET = 10.12.2;
				MTL_ENABLE_DEBUG_INFO = NO;
				MTL_FAST_MATH = YES;
				SDKROOT = macosx;
				SWIFT_COMPILATION_MODE = wholemodule;
				SWIFT_OPTIMIZATION_LEVEL = "-O";
			};
			name = Release;
		};
		18B3C78D24282C2100F4CA14 /* Debug */ = {
			isa = XCBuildConfiguration;
			buildSettings = {
				ASSETCATALOG_COMPILER_APPICON_NAME = AppIcon;
				CLANG_ENABLE_MODULES = YES;
				CODE_SIGN_ENTITLEMENTS = "C+++/Code_Editor.entitlements";
				CODE_SIGN_IDENTITY = "-";
				CODE_SIGN_STYLE = Automatic;
				COMBINE_HIDPI_IMAGES = YES;
				CURRENT_PROJECT_VERSION = 206202;
				DEVELOPMENT_TEAM = XG7269D873;
				ENABLE_HARDENED_RUNTIME = YES;
				FRAMEWORK_SEARCH_PATHS = (
					"$(inherited)",
					"$(PROJECT_DIR)",
				);
				INFOPLIST_FILE = "C+++/Info.plist";
				LD_RUNPATH_SEARCH_PATHS = (
					"$(inherited)",
					"@executable_path/../Frameworks",
				);
				MACOSX_DEPLOYMENT_TARGET = 10.12.2;
				MARKETING_VERSION = 2.0.2;
				PRODUCT_BUNDLE_IDENTIFIER = ZhuYixuan.Cppp;
				PRODUCT_NAME = "$(TARGET_NAME)";
				SWIFT_OBJC_BRIDGING_HEADER = "C+++/Classes/Edit/C+++-Bridging-Header.h";
				SWIFT_OPTIMIZATION_LEVEL = "-Onone";
				SWIFT_VERSION = 5.0;
			};
			name = Debug;
		};
		18B3C78E24282C2100F4CA14 /* Release */ = {
			isa = XCBuildConfiguration;
			buildSettings = {
				ASSETCATALOG_COMPILER_APPICON_NAME = AppIcon;
				CLANG_ENABLE_MODULES = YES;
				CODE_SIGN_ENTITLEMENTS = "C+++/Code_Editor.entitlements";
				CODE_SIGN_IDENTITY = "-";
				CODE_SIGN_STYLE = Automatic;
				COMBINE_HIDPI_IMAGES = YES;
				CURRENT_PROJECT_VERSION = 206202;
				DEVELOPMENT_TEAM = XG7269D873;
				ENABLE_HARDENED_RUNTIME = YES;
				FRAMEWORK_SEARCH_PATHS = (
					"$(inherited)",
					"$(PROJECT_DIR)",
				);
				INFOPLIST_FILE = "C+++/Info.plist";
				LD_RUNPATH_SEARCH_PATHS = (
					"$(inherited)",
					"@executable_path/../Frameworks",
				);
				MACOSX_DEPLOYMENT_TARGET = 10.12.2;
				MARKETING_VERSION = 2.0.2;
				PRODUCT_BUNDLE_IDENTIFIER = ZhuYixuan.Cppp;
				PRODUCT_NAME = "$(TARGET_NAME)";
				SWIFT_OBJC_BRIDGING_HEADER = "C+++/Classes/Edit/C+++-Bridging-Header.h";
				SWIFT_VERSION = 5.0;
			};
			name = Release;
		};
/* End XCBuildConfiguration section */

/* Begin XCConfigurationList section */
		18B3C75F24272D9F00F4CA14 /* Build configuration list for PBXProject "C+++" */ = {
			isa = XCConfigurationList;
			buildConfigurations = (
				18B3C77224272DA000F4CA14 /* Debug */,
				18B3C77324272DA000F4CA14 /* Release */,
			);
			defaultConfigurationIsVisible = 0;
			defaultConfigurationName = Release;
		};
		18B3C78C24282C2100F4CA14 /* Build configuration list for PBXNativeTarget "C+++" */ = {
			isa = XCConfigurationList;
			buildConfigurations = (
				18B3C78D24282C2100F4CA14 /* Debug */,
				18B3C78E24282C2100F4CA14 /* Release */,
			);
			defaultConfigurationIsVisible = 0;
			defaultConfigurationName = Release;
		};
/* End XCConfigurationList section */
	};
	rootObject = 18B3C75C24272D9F00F4CA14 /* Project object */;
}
